// !$*UTF8*$!
{
	archiveVersion = 1;
	classes = {
	};
	objectVersion = 51;
	objects = {

/* Begin PBXBuildFile section */
		100E042E2450B0A50063E4FE /* AddMeasurementVC.swift in Sources */ = {isa = PBXBuildFile; fileRef = 100E042D2450B0A50063E4FE /* AddMeasurementVC.swift */; };
		10255DC324422A5F00AE59E7 /* TankTableViewCell.swift in Sources */ = {isa = PBXBuildFile; fileRef = 10255DC224422A5F00AE59E7 /* TankTableViewCell.swift */; };
		1071E1992497E22D00BECD47 /* Extensions.swift in Sources */ = {isa = PBXBuildFile; fileRef = 1071E1982497E22D00BECD47 /* Extensions.swift */; };
		1071E19B2497E23600BECD47 /* Protocols.swift in Sources */ = {isa = PBXBuildFile; fileRef = 1071E19A2497E23600BECD47 /* Protocols.swift */; };
		1077ED64244B714400DCAEF9 /* MeasurementsVC.swift in Sources */ = {isa = PBXBuildFile; fileRef = 1077ED63244B714400DCAEF9 /* MeasurementsVC.swift */; };
		107AA6E3247AAAAD00FFA919 /* Measurement+CoreDataClass.swift in Sources */ = {isa = PBXBuildFile; fileRef = 107AA6E1247AAAAD00FFA919 /* Measurement+CoreDataClass.swift */; };
		107AA6E4247AAAAD00FFA919 /* Measurement+CoreDataProperties.swift in Sources */ = {isa = PBXBuildFile; fileRef = 107AA6E2247AAAAD00FFA919 /* Measurement+CoreDataProperties.swift */; };
		10E6CC7D24718E7F00F20CD5 /* WaterParameter+CoreDataClass.swift in Sources */ = {isa = PBXBuildFile; fileRef = 10E6CC7B24718E7F00F20CD5 /* WaterParameter+CoreDataClass.swift */; };
		10E6CC7E24718E7F00F20CD5 /* WaterParameter+CoreDataProperties.swift in Sources */ = {isa = PBXBuildFile; fileRef = 10E6CC7C24718E7F00F20CD5 /* WaterParameter+CoreDataProperties.swift */; };
		10E6CC8524719F9B00F20CD5 /* Tank+CoreDataClass.swift in Sources */ = {isa = PBXBuildFile; fileRef = 10E6CC8324719F9B00F20CD5 /* Tank+CoreDataClass.swift */; };
		10E6CC8624719F9B00F20CD5 /* Tank+CoreDataProperties.swift in Sources */ = {isa = PBXBuildFile; fileRef = 10E6CC8424719F9B00F20CD5 /* Tank+CoreDataProperties.swift */; };
		10F61C8724407BFC0069735D /* AppDelegate.swift in Sources */ = {isa = PBXBuildFile; fileRef = 10F61C8624407BFC0069735D /* AppDelegate.swift */; };
		10F61C8924407BFC0069735D /* SceneDelegate.swift in Sources */ = {isa = PBXBuildFile; fileRef = 10F61C8824407BFC0069735D /* SceneDelegate.swift */; };
		10F61C8B24407BFC0069735D /* TankSelectVC.swift in Sources */ = {isa = PBXBuildFile; fileRef = 10F61C8A24407BFC0069735D /* TankSelectVC.swift */; };
		10F61C8D24407BFC0069735D /* SummaryVC.swift in Sources */ = {isa = PBXBuildFile; fileRef = 10F61C8C24407BFC0069735D /* SummaryVC.swift */; };
		10F61C9024407BFC0069735D /* Main.storyboard in Resources */ = {isa = PBXBuildFile; fileRef = 10F61C8E24407BFC0069735D /* Main.storyboard */; };
		10F61C9324407BFC0069735D /* iAquarium2.xcdatamodeld in Sources */ = {isa = PBXBuildFile; fileRef = 10F61C9124407BFC0069735D /* iAquarium2.xcdatamodeld */; };
		10F61C9524407C010069735D /* Assets.xcassets in Resources */ = {isa = PBXBuildFile; fileRef = 10F61C9424407C010069735D /* Assets.xcassets */; };
		10F61C9824407C010069735D /* LaunchScreen.storyboard in Resources */ = {isa = PBXBuildFile; fileRef = 10F61C9624407C010069735D /* LaunchScreen.storyboard */; };
		10F61CA324407C010069735D /* iAquarium2Tests.swift in Sources */ = {isa = PBXBuildFile; fileRef = 10F61CA224407C010069735D /* iAquarium2Tests.swift */; };
		10F61CAE24407C010069735D /* iAquarium2UITests.swift in Sources */ = {isa = PBXBuildFile; fileRef = 10F61CAD24407C010069735D /* iAquarium2UITests.swift */; };
		10F61CBD24407FF70069735D /* AddTankVC.swift in Sources */ = {isa = PBXBuildFile; fileRef = 10F61CBC24407FF70069735D /* AddTankVC.swift */; };
		10F923232465E9DD00D57191 /* VariableFormats.swift in Sources */ = {isa = PBXBuildFile; fileRef = 10F923222465E9DD00D57191 /* VariableFormats.swift */; };
		4B1FE708DD4A68D14763FD51 /* Pods_iAquarium2Tests.framework in Frameworks */ = {isa = PBXBuildFile; fileRef = E77A1553904A0C3CFAF18810 /* Pods_iAquarium2Tests.framework */; };
		785EEF6A6363FCBF6BD17AC0 /* Pods_iAquarium2.framework in Frameworks */ = {isa = PBXBuildFile; fileRef = 283D1AD2CE3F86632FED0B9C /* Pods_iAquarium2.framework */; };
		9D79B02AC7E21F187E90F528 /* Pods_iAquarium2_iAquarium2UITests.framework in Frameworks */ = {isa = PBXBuildFile; fileRef = ADF569215E2D8823BCB13E9F /* Pods_iAquarium2_iAquarium2UITests.framework */; };
/* End PBXBuildFile section */

/* Begin PBXContainerItemProxy section */
		10F61C9F24407C010069735D /* PBXContainerItemProxy */ = {
			isa = PBXContainerItemProxy;
			containerPortal = 10F61C7B24407BFB0069735D /* Project object */;
			proxyType = 1;
			remoteGlobalIDString = 10F61C8224407BFB0069735D;
			remoteInfo = iAquarium2;
		};
		10F61CAA24407C010069735D /* PBXContainerItemProxy */ = {
			isa = PBXContainerItemProxy;
			containerPortal = 10F61C7B24407BFB0069735D /* Project object */;
			proxyType = 1;
			remoteGlobalIDString = 10F61C8224407BFB0069735D;
			remoteInfo = iAquarium2;
		};
/* End PBXContainerItemProxy section */

/* Begin PBXFileReference section */
		0EF336570CC50BA36AF730EC /* Pods-iAquarium2Tests.debug.xcconfig */ = {isa = PBXFileReference; includeInIndex = 1; lastKnownFileType = text.xcconfig; name = "Pods-iAquarium2Tests.debug.xcconfig"; path = "Target Support Files/Pods-iAquarium2Tests/Pods-iAquarium2Tests.debug.xcconfig"; sourceTree = "<group>"; };
		100E042D2450B0A50063E4FE /* AddMeasurementVC.swift */ = {isa = PBXFileReference; lastKnownFileType = sourcecode.swift; path = AddMeasurementVC.swift; sourceTree = "<group>"; };
		10255DC224422A5F00AE59E7 /* TankTableViewCell.swift */ = {isa = PBXFileReference; lastKnownFileType = sourcecode.swift; path = TankTableViewCell.swift; sourceTree = "<group>"; };
		1071E1982497E22D00BECD47 /* Extensions.swift */ = {isa = PBXFileReference; lastKnownFileType = sourcecode.swift; path = Extensions.swift; sourceTree = "<group>"; };
		1071E19A2497E23600BECD47 /* Protocols.swift */ = {isa = PBXFileReference; lastKnownFileType = sourcecode.swift; path = Protocols.swift; sourceTree = "<group>"; };
		1077ED63244B714400DCAEF9 /* MeasurementsVC.swift */ = {isa = PBXFileReference; lastKnownFileType = sourcecode.swift; path = MeasurementsVC.swift; sourceTree = "<group>"; };
		107AA6E1247AAAAD00FFA919 /* Measurement+CoreDataClass.swift */ = {isa = PBXFileReference; lastKnownFileType = sourcecode.swift; name = "Measurement+CoreDataClass.swift"; path = "iAquarium2/DataModels/NSManagedObjects/Measurement+CoreDataClass.swift"; sourceTree = "<group>"; };
		107AA6E2247AAAAD00FFA919 /* Measurement+CoreDataProperties.swift */ = {isa = PBXFileReference; lastKnownFileType = sourcecode.swift; name = "Measurement+CoreDataProperties.swift"; path = "iAquarium2/DataModels/NSManagedObjects/Measurement+CoreDataProperties.swift"; sourceTree = "<group>"; };
		10E6CC7B24718E7F00F20CD5 /* WaterParameter+CoreDataClass.swift */ = {isa = PBXFileReference; lastKnownFileType = sourcecode.swift; name = "WaterParameter+CoreDataClass.swift"; path = "iAquarium2/DataModels/NSManagedObjects/WaterParameter+CoreDataClass.swift"; sourceTree = "<group>"; };
		10E6CC7C24718E7F00F20CD5 /* WaterParameter+CoreDataProperties.swift */ = {isa = PBXFileReference; lastKnownFileType = sourcecode.swift; name = "WaterParameter+CoreDataProperties.swift"; path = "iAquarium2/DataModels/NSManagedObjects/WaterParameter+CoreDataProperties.swift"; sourceTree = "<group>"; };
		10E6CC8324719F9B00F20CD5 /* Tank+CoreDataClass.swift */ = {isa = PBXFileReference; lastKnownFileType = sourcecode.swift; name = "Tank+CoreDataClass.swift"; path = "iAquarium2/DataModels/NSManagedObjects/Tank+CoreDataClass.swift"; sourceTree = "<group>"; };
		10E6CC8424719F9B00F20CD5 /* Tank+CoreDataProperties.swift */ = {isa = PBXFileReference; lastKnownFileType = sourcecode.swift; name = "Tank+CoreDataProperties.swift"; path = "iAquarium2/DataModels/NSManagedObjects/Tank+CoreDataProperties.swift"; sourceTree = "<group>"; };
		10F61C8324407BFC0069735D /* iAquarium2.app */ = {isa = PBXFileReference; explicitFileType = wrapper.application; includeInIndex = 0; path = iAquarium2.app; sourceTree = BUILT_PRODUCTS_DIR; };
		10F61C8624407BFC0069735D /* AppDelegate.swift */ = {isa = PBXFileReference; lastKnownFileType = sourcecode.swift; path = AppDelegate.swift; sourceTree = "<group>"; };
		10F61C8824407BFC0069735D /* SceneDelegate.swift */ = {isa = PBXFileReference; lastKnownFileType = sourcecode.swift; path = SceneDelegate.swift; sourceTree = "<group>"; };
		10F61C8A24407BFC0069735D /* TankSelectVC.swift */ = {isa = PBXFileReference; lastKnownFileType = sourcecode.swift; path = TankSelectVC.swift; sourceTree = "<group>"; };
		10F61C8C24407BFC0069735D /* SummaryVC.swift */ = {isa = PBXFileReference; lastKnownFileType = sourcecode.swift; path = SummaryVC.swift; sourceTree = "<group>"; };
		10F61C8F24407BFC0069735D /* Base */ = {isa = PBXFileReference; lastKnownFileType = file.storyboard; name = Base; path = Base.lproj/Main.storyboard; sourceTree = "<group>"; };
		10F61C9224407BFC0069735D /* iAquarium2.xcdatamodel */ = {isa = PBXFileReference; lastKnownFileType = wrapper.xcdatamodel; path = iAquarium2.xcdatamodel; sourceTree = "<group>"; };
		10F61C9424407C010069735D /* Assets.xcassets */ = {isa = PBXFileReference; lastKnownFileType = folder.assetcatalog; path = Assets.xcassets; sourceTree = "<group>"; };
		10F61C9724407C010069735D /* Base */ = {isa = PBXFileReference; lastKnownFileType = file.storyboard; name = Base; path = Base.lproj/LaunchScreen.storyboard; sourceTree = "<group>"; };
		10F61C9924407C010069735D /* Info.plist */ = {isa = PBXFileReference; lastKnownFileType = text.plist.xml; path = Info.plist; sourceTree = "<group>"; };
		10F61C9E24407C010069735D /* iAquarium2Tests.xctest */ = {isa = PBXFileReference; explicitFileType = wrapper.cfbundle; includeInIndex = 0; path = iAquarium2Tests.xctest; sourceTree = BUILT_PRODUCTS_DIR; };
		10F61CA224407C010069735D /* iAquarium2Tests.swift */ = {isa = PBXFileReference; lastKnownFileType = sourcecode.swift; path = iAquarium2Tests.swift; sourceTree = "<group>"; };
		10F61CA424407C010069735D /* Info.plist */ = {isa = PBXFileReference; lastKnownFileType = text.plist.xml; path = Info.plist; sourceTree = "<group>"; };
		10F61CA924407C010069735D /* iAquarium2UITests.xctest */ = {isa = PBXFileReference; explicitFileType = wrapper.cfbundle; includeInIndex = 0; path = iAquarium2UITests.xctest; sourceTree = BUILT_PRODUCTS_DIR; };
		10F61CAD24407C010069735D /* iAquarium2UITests.swift */ = {isa = PBXFileReference; lastKnownFileType = sourcecode.swift; path = iAquarium2UITests.swift; sourceTree = "<group>"; };
		10F61CAF24407C010069735D /* Info.plist */ = {isa = PBXFileReference; lastKnownFileType = text.plist.xml; path = Info.plist; sourceTree = "<group>"; };
		10F61CBC24407FF70069735D /* AddTankVC.swift */ = {isa = PBXFileReference; lastKnownFileType = sourcecode.swift; path = AddTankVC.swift; sourceTree = "<group>"; };
		10F923222465E9DD00D57191 /* VariableFormats.swift */ = {isa = PBXFileReference; lastKnownFileType = sourcecode.swift; path = VariableFormats.swift; sourceTree = "<group>"; };
		283D1AD2CE3F86632FED0B9C /* Pods_iAquarium2.framework */ = {isa = PBXFileReference; explicitFileType = wrapper.framework; includeInIndex = 0; path = Pods_iAquarium2.framework; sourceTree = BUILT_PRODUCTS_DIR; };
		42E085CF957C1D303119B0EA /* Pods-iAquarium2-iAquarium2UITests.debug.xcconfig */ = {isa = PBXFileReference; includeInIndex = 1; lastKnownFileType = text.xcconfig; name = "Pods-iAquarium2-iAquarium2UITests.debug.xcconfig"; path = "Target Support Files/Pods-iAquarium2-iAquarium2UITests/Pods-iAquarium2-iAquarium2UITests.debug.xcconfig"; sourceTree = "<group>"; };
		84051ED79CF1804CDB59895F /* Pods-iAquarium2Tests.release.xcconfig */ = {isa = PBXFileReference; includeInIndex = 1; lastKnownFileType = text.xcconfig; name = "Pods-iAquarium2Tests.release.xcconfig"; path = "Target Support Files/Pods-iAquarium2Tests/Pods-iAquarium2Tests.release.xcconfig"; sourceTree = "<group>"; };
		A8C7E4544D6E058E967D80CE /* Pods-iAquarium2.release.xcconfig */ = {isa = PBXFileReference; includeInIndex = 1; lastKnownFileType = text.xcconfig; name = "Pods-iAquarium2.release.xcconfig"; path = "Target Support Files/Pods-iAquarium2/Pods-iAquarium2.release.xcconfig"; sourceTree = "<group>"; };
		ADF569215E2D8823BCB13E9F /* Pods_iAquarium2_iAquarium2UITests.framework */ = {isa = PBXFileReference; explicitFileType = wrapper.framework; includeInIndex = 0; path = Pods_iAquarium2_iAquarium2UITests.framework; sourceTree = BUILT_PRODUCTS_DIR; };
		B9C1097B00ADE1F820A3070F /* Pods-iAquarium2.debug.xcconfig */ = {isa = PBXFileReference; includeInIndex = 1; lastKnownFileType = text.xcconfig; name = "Pods-iAquarium2.debug.xcconfig"; path = "Target Support Files/Pods-iAquarium2/Pods-iAquarium2.debug.xcconfig"; sourceTree = "<group>"; };
		DD146B4ED70C4A5D85A81E16 /* Pods-iAquarium2-iAquarium2UITests.release.xcconfig */ = {isa = PBXFileReference; includeInIndex = 1; lastKnownFileType = text.xcconfig; name = "Pods-iAquarium2-iAquarium2UITests.release.xcconfig"; path = "Target Support Files/Pods-iAquarium2-iAquarium2UITests/Pods-iAquarium2-iAquarium2UITests.release.xcconfig"; sourceTree = "<group>"; };
		E77A1553904A0C3CFAF18810 /* Pods_iAquarium2Tests.framework */ = {isa = PBXFileReference; explicitFileType = wrapper.framework; includeInIndex = 0; path = Pods_iAquarium2Tests.framework; sourceTree = BUILT_PRODUCTS_DIR; };
/* End PBXFileReference section */

/* Begin PBXFrameworksBuildPhase section */
		10F61C8024407BFB0069735D /* Frameworks */ = {
			isa = PBXFrameworksBuildPhase;
			buildActionMask = 2147483647;
			files = (
				785EEF6A6363FCBF6BD17AC0 /* Pods_iAquarium2.framework in Frameworks */,
			);
			runOnlyForDeploymentPostprocessing = 0;
		};
		10F61C9B24407C010069735D /* Frameworks */ = {
			isa = PBXFrameworksBuildPhase;
			buildActionMask = 2147483647;
			files = (
				4B1FE708DD4A68D14763FD51 /* Pods_iAquarium2Tests.framework in Frameworks */,
			);
			runOnlyForDeploymentPostprocessing = 0;
		};
		10F61CA624407C010069735D /* Frameworks */ = {
			isa = PBXFrameworksBuildPhase;
			buildActionMask = 2147483647;
			files = (
				9D79B02AC7E21F187E90F528 /* Pods_iAquarium2_iAquarium2UITests.framework in Frameworks */,
			);
			runOnlyForDeploymentPostprocessing = 0;
		};
/* End PBXFrameworksBuildPhase section */

/* Begin PBXGroup section */
		1050B47324431FE5008AF39D /* Summary */ = {
			isa = PBXGroup;
			children = (
				10F61C8C24407BFC0069735D /* SummaryVC.swift */,
			);
			path = Summary;
			sourceTree = "<group>";
		};
		1077ED65244B714800DCAEF9 /* Measurements */ = {
			isa = PBXGroup;
			children = (
				1077ED63244B714400DCAEF9 /* MeasurementsVC.swift */,
				100E042D2450B0A50063E4FE /* AddMeasurementVC.swift */,
			);
			path = Measurements;
			sourceTree = "<group>";
		};
		10F61C7A24407BFB0069735D = {
			isa = PBXGroup;
			children = (
				107AA6E1247AAAAD00FFA919 /* Measurement+CoreDataClass.swift */,
				107AA6E2247AAAAD00FFA919 /* Measurement+CoreDataProperties.swift */,
				10E6CC8324719F9B00F20CD5 /* Tank+CoreDataClass.swift */,
				10E6CC8424719F9B00F20CD5 /* Tank+CoreDataProperties.swift */,
				10E6CC7B24718E7F00F20CD5 /* WaterParameter+CoreDataClass.swift */,
				10E6CC7C24718E7F00F20CD5 /* WaterParameter+CoreDataProperties.swift */,
				10F61C8524407BFC0069735D /* iAquarium2 */,
				10F61CA124407C010069735D /* iAquarium2Tests */,
				10F61CAC24407C010069735D /* iAquarium2UITests */,
				10F61C8424407BFC0069735D /* Products */,
				797784C4A1E6E0DA1706B16C /* Pods */,
				653D69C90A2A3501B9099041 /* Frameworks */,
			);
			sourceTree = "<group>";
		};
		10F61C8424407BFC0069735D /* Products */ = {
			isa = PBXGroup;
			children = (
				10F61C8324407BFC0069735D /* iAquarium2.app */,
				10F61C9E24407C010069735D /* iAquarium2Tests.xctest */,
				10F61CA924407C010069735D /* iAquarium2UITests.xctest */,
			);
			name = Products;
			sourceTree = "<group>";
		};
		10F61C8524407BFC0069735D /* iAquarium2 */ = {
			isa = PBXGroup;
			children = (
				10F61C8624407BFC0069735D /* AppDelegate.swift */,
				10F61C8824407BFC0069735D /* SceneDelegate.swift */,
				10F61CC12440CD9A0069735D /* DataModels */,
				10F61CBB24407FA70069735D /* Tanks */,
				1050B47324431FE5008AF39D /* Summary */,
				1077ED65244B714800DCAEF9 /* Measurements */,
				10F61C8E24407BFC0069735D /* Main.storyboard */,
				10F61C9424407C010069735D /* Assets.xcassets */,
				10F61C9624407C010069735D /* LaunchScreen.storyboard */,
				10F61C9924407C010069735D /* Info.plist */,
				10F61C9124407BFC0069735D /* iAquarium2.xcdatamodeld */,
				1071E1982497E22D00BECD47 /* Extensions.swift */,
				1071E19A2497E23600BECD47 /* Protocols.swift */,
			);
			path = iAquarium2;
			sourceTree = "<group>";
		};
		10F61CA124407C010069735D /* iAquarium2Tests */ = {
			isa = PBXGroup;
			children = (
				10F61CA224407C010069735D /* iAquarium2Tests.swift */,
				10F61CA424407C010069735D /* Info.plist */,
			);
			path = iAquarium2Tests;
			sourceTree = "<group>";
		};
		10F61CAC24407C010069735D /* iAquarium2UITests */ = {
			isa = PBXGroup;
			children = (
				10F61CAD24407C010069735D /* iAquarium2UITests.swift */,
				10F61CAF24407C010069735D /* Info.plist */,
			);
			path = iAquarium2UITests;
			sourceTree = "<group>";
		};
		10F61CBB24407FA70069735D /* Tanks */ = {
			isa = PBXGroup;
			children = (
				10F61C8A24407BFC0069735D /* TankSelectVC.swift */,
				10F61CBC24407FF70069735D /* AddTankVC.swift */,
				10255DC224422A5F00AE59E7 /* TankTableViewCell.swift */,
			);
			path = Tanks;
			sourceTree = "<group>";
		};
		10F61CC12440CD9A0069735D /* DataModels */ = {
			isa = PBXGroup;
			children = (
				10F923222465E9DD00D57191 /* VariableFormats.swift */,
			);
			path = DataModels;
			sourceTree = "<group>";
		};
		653D69C90A2A3501B9099041 /* Frameworks */ = {
			isa = PBXGroup;
			children = (
				283D1AD2CE3F86632FED0B9C /* Pods_iAquarium2.framework */,
				ADF569215E2D8823BCB13E9F /* Pods_iAquarium2_iAquarium2UITests.framework */,
				E77A1553904A0C3CFAF18810 /* Pods_iAquarium2Tests.framework */,
			);
			name = Frameworks;
			sourceTree = "<group>";
		};
		797784C4A1E6E0DA1706B16C /* Pods */ = {
			isa = PBXGroup;
			children = (
				B9C1097B00ADE1F820A3070F /* Pods-iAquarium2.debug.xcconfig */,
				A8C7E4544D6E058E967D80CE /* Pods-iAquarium2.release.xcconfig */,
				42E085CF957C1D303119B0EA /* Pods-iAquarium2-iAquarium2UITests.debug.xcconfig */,
				DD146B4ED70C4A5D85A81E16 /* Pods-iAquarium2-iAquarium2UITests.release.xcconfig */,
				0EF336570CC50BA36AF730EC /* Pods-iAquarium2Tests.debug.xcconfig */,
				84051ED79CF1804CDB59895F /* Pods-iAquarium2Tests.release.xcconfig */,
			);
			path = Pods;
			sourceTree = "<group>";
		};
/* End PBXGroup section */

/* Begin PBXNativeTarget section */
		10F61C8224407BFB0069735D /* iAquarium2 */ = {
			isa = PBXNativeTarget;
			buildConfigurationList = 10F61CB224407C010069735D /* Build configuration list for PBXNativeTarget "iAquarium2" */;
			buildPhases = (
				831CC225E169A5521DBB6569 /* [CP] Check Pods Manifest.lock */,
				10F61C7F24407BFB0069735D /* Sources */,
				10F61C8024407BFB0069735D /* Frameworks */,
				10F61C8124407BFB0069735D /* Resources */,
				DDFBD23E252AF48824E9D5B1 /* [CP] Embed Pods Frameworks */,
			);
			buildRules = (
			);
			dependencies = (
			);
			name = iAquarium2;
			productName = iAquarium2;
			productReference = 10F61C8324407BFC0069735D /* iAquarium2.app */;
			productType = "com.apple.product-type.application";
		};
		10F61C9D24407C010069735D /* iAquarium2Tests */ = {
			isa = PBXNativeTarget;
			buildConfigurationList = 10F61CB524407C010069735D /* Build configuration list for PBXNativeTarget "iAquarium2Tests" */;
			buildPhases = (
				8607A78DC2CA78325C72032C /* [CP] Check Pods Manifest.lock */,
				10F61C9A24407C010069735D /* Sources */,
				10F61C9B24407C010069735D /* Frameworks */,
				10F61C9C24407C010069735D /* Resources */,
			);
			buildRules = (
			);
			dependencies = (
				10F61CA024407C010069735D /* PBXTargetDependency */,
			);
			name = iAquarium2Tests;
			productName = iAquarium2Tests;
			productReference = 10F61C9E24407C010069735D /* iAquarium2Tests.xctest */;
			productType = "com.apple.product-type.bundle.unit-test";
		};
		10F61CA824407C010069735D /* iAquarium2UITests */ = {
			isa = PBXNativeTarget;
			buildConfigurationList = 10F61CB824407C010069735D /* Build configuration list for PBXNativeTarget "iAquarium2UITests" */;
			buildPhases = (
				011D7F4BCF6E782B0C54D96C /* [CP] Check Pods Manifest.lock */,
				10F61CA524407C010069735D /* Sources */,
				10F61CA624407C010069735D /* Frameworks */,
				10F61CA724407C010069735D /* Resources */,
				C3AFC4C7AE0632EC0D19E05E /* [CP] Embed Pods Frameworks */,
			);
			buildRules = (
			);
			dependencies = (
				10F61CAB24407C010069735D /* PBXTargetDependency */,
			);
			name = iAquarium2UITests;
			productName = iAquarium2UITests;
			productReference = 10F61CA924407C010069735D /* iAquarium2UITests.xctest */;
			productType = "com.apple.product-type.bundle.ui-testing";
		};
/* End PBXNativeTarget section */

/* Begin PBXProject section */
		10F61C7B24407BFB0069735D /* Project object */ = {
			isa = PBXProject;
			attributes = {
				LastSwiftUpdateCheck = 1140;
				LastUpgradeCheck = 1140;
				ORGANIZATIONNAME = "Maciej Zajecki";
				TargetAttributes = {
					10F61C8224407BFB0069735D = {
						CreatedOnToolsVersion = 11.4;
					};
					10F61C9D24407C010069735D = {
						CreatedOnToolsVersion = 11.4;
						TestTargetID = 10F61C8224407BFB0069735D;
					};
					10F61CA824407C010069735D = {
						CreatedOnToolsVersion = 11.4;
						TestTargetID = 10F61C8224407BFB0069735D;
					};
				};
			};
			buildConfigurationList = 10F61C7E24407BFB0069735D /* Build configuration list for PBXProject "iAquarium2" */;
			compatibilityVersion = "Xcode 9.3";
			developmentRegion = en;
			hasScannedForEncodings = 0;
			knownRegions = (
				en,
				Base,
			);
			mainGroup = 10F61C7A24407BFB0069735D;
			productRefGroup = 10F61C8424407BFC0069735D /* Products */;
			projectDirPath = "";
			projectRoot = "";
			targets = (
				10F61C8224407BFB0069735D /* iAquarium2 */,
				10F61C9D24407C010069735D /* iAquarium2Tests */,
				10F61CA824407C010069735D /* iAquarium2UITests */,
			);
		};
/* End PBXProject section */

/* Begin PBXResourcesBuildPhase section */
		10F61C8124407BFB0069735D /* Resources */ = {
			isa = PBXResourcesBuildPhase;
			buildActionMask = 2147483647;
			files = (
				10F61C9824407C010069735D /* LaunchScreen.storyboard in Resources */,
				10F61C9524407C010069735D /* Assets.xcassets in Resources */,
				10F61C9024407BFC0069735D /* Main.storyboard in Resources */,
			);
			runOnlyForDeploymentPostprocessing = 0;
		};
		10F61C9C24407C010069735D /* Resources */ = {
			isa = PBXResourcesBuildPhase;
			buildActionMask = 2147483647;
			files = (
			);
			runOnlyForDeploymentPostprocessing = 0;
		};
		10F61CA724407C010069735D /* Resources */ = {
			isa = PBXResourcesBuildPhase;
			buildActionMask = 2147483647;
			files = (
			);
			runOnlyForDeploymentPostprocessing = 0;
		};
/* End PBXResourcesBuildPhase section */

/* Begin PBXShellScriptBuildPhase section */
		011D7F4BCF6E782B0C54D96C /* [CP] Check Pods Manifest.lock */ = {
			isa = PBXShellScriptBuildPhase;
			buildActionMask = 2147483647;
			files = (
			);
			inputFileListPaths = (
			);
			inputPaths = (
				"${PODS_PODFILE_DIR_PATH}/Podfile.lock",
				"${PODS_ROOT}/Manifest.lock",
			);
			name = "[CP] Check Pods Manifest.lock";
			outputFileListPaths = (
			);
			outputPaths = (
				"$(DERIVED_FILE_DIR)/Pods-iAquarium2-iAquarium2UITests-checkManifestLockResult.txt",
			);
			runOnlyForDeploymentPostprocessing = 0;
			shellPath = /bin/sh;
			shellScript = "diff \"${PODS_PODFILE_DIR_PATH}/Podfile.lock\" \"${PODS_ROOT}/Manifest.lock\" > /dev/null\nif [ $? != 0 ] ; then\n    # print error to STDERR\n    echo \"error: The sandbox is not in sync with the Podfile.lock. Run 'pod install' or update your CocoaPods installation.\" >&2\n    exit 1\nfi\n# This output is used by Xcode 'outputs' to avoid re-running this script phase.\necho \"SUCCESS\" > \"${SCRIPT_OUTPUT_FILE_0}\"\n";
			showEnvVarsInLog = 0;
		};
		831CC225E169A5521DBB6569 /* [CP] Check Pods Manifest.lock */ = {
			isa = PBXShellScriptBuildPhase;
			buildActionMask = 2147483647;
			files = (
			);
			inputFileListPaths = (
			);
			inputPaths = (
				"${PODS_PODFILE_DIR_PATH}/Podfile.lock",
				"${PODS_ROOT}/Manifest.lock",
			);
			name = "[CP] Check Pods Manifest.lock";
			outputFileListPaths = (
			);
			outputPaths = (
				"$(DERIVED_FILE_DIR)/Pods-iAquarium2-checkManifestLockResult.txt",
			);
			runOnlyForDeploymentPostprocessing = 0;
			shellPath = /bin/sh;
			shellScript = "diff \"${PODS_PODFILE_DIR_PATH}/Podfile.lock\" \"${PODS_ROOT}/Manifest.lock\" > /dev/null\nif [ $? != 0 ] ; then\n    # print error to STDERR\n    echo \"error: The sandbox is not in sync with the Podfile.lock. Run 'pod install' or update your CocoaPods installation.\" >&2\n    exit 1\nfi\n# This output is used by Xcode 'outputs' to avoid re-running this script phase.\necho \"SUCCESS\" > \"${SCRIPT_OUTPUT_FILE_0}\"\n";
			showEnvVarsInLog = 0;
		};
		8607A78DC2CA78325C72032C /* [CP] Check Pods Manifest.lock */ = {
			isa = PBXShellScriptBuildPhase;
			buildActionMask = 2147483647;
			files = (
			);
			inputFileListPaths = (
			);
			inputPaths = (
				"${PODS_PODFILE_DIR_PATH}/Podfile.lock",
				"${PODS_ROOT}/Manifest.lock",
			);
			name = "[CP] Check Pods Manifest.lock";
			outputFileListPaths = (
			);
			outputPaths = (
				"$(DERIVED_FILE_DIR)/Pods-iAquarium2Tests-checkManifestLockResult.txt",
			);
			runOnlyForDeploymentPostprocessing = 0;
			shellPath = /bin/sh;
			shellScript = "diff \"${PODS_PODFILE_DIR_PATH}/Podfile.lock\" \"${PODS_ROOT}/Manifest.lock\" > /dev/null\nif [ $? != 0 ] ; then\n    # print error to STDERR\n    echo \"error: The sandbox is not in sync with the Podfile.lock. Run 'pod install' or update your CocoaPods installation.\" >&2\n    exit 1\nfi\n# This output is used by Xcode 'outputs' to avoid re-running this script phase.\necho \"SUCCESS\" > \"${SCRIPT_OUTPUT_FILE_0}\"\n";
			showEnvVarsInLog = 0;
		};
		C3AFC4C7AE0632EC0D19E05E /* [CP] Embed Pods Frameworks */ = {
			isa = PBXShellScriptBuildPhase;
			buildActionMask = 2147483647;
			files = (
			);
			inputFileListPaths = (
				"${PODS_ROOT}/Target Support Files/Pods-iAquarium2-iAquarium2UITests/Pods-iAquarium2-iAquarium2UITests-frameworks-${CONFIGURATION}-input-files.xcfilelist",
			);
			name = "[CP] Embed Pods Frameworks";
			outputFileListPaths = (
				"${PODS_ROOT}/Target Support Files/Pods-iAquarium2-iAquarium2UITests/Pods-iAquarium2-iAquarium2UITests-frameworks-${CONFIGURATION}-output-files.xcfilelist",
			);
			runOnlyForDeploymentPostprocessing = 0;
			shellPath = /bin/sh;
			shellScript = "\"${PODS_ROOT}/Target Support Files/Pods-iAquarium2-iAquarium2UITests/Pods-iAquarium2-iAquarium2UITests-frameworks.sh\"\n";
			showEnvVarsInLog = 0;
		};
		DDFBD23E252AF48824E9D5B1 /* [CP] Embed Pods Frameworks */ = {
			isa = PBXShellScriptBuildPhase;
			buildActionMask = 2147483647;
			files = (
			);
			inputFileListPaths = (
				"${PODS_ROOT}/Target Support Files/Pods-iAquarium2/Pods-iAquarium2-frameworks-${CONFIGURATION}-input-files.xcfilelist",
			);
			name = "[CP] Embed Pods Frameworks";
			outputFileListPaths = (
				"${PODS_ROOT}/Target Support Files/Pods-iAquarium2/Pods-iAquarium2-frameworks-${CONFIGURATION}-output-files.xcfilelist",
			);
			runOnlyForDeploymentPostprocessing = 0;
			shellPath = /bin/sh;
			shellScript = "\"${PODS_ROOT}/Target Support Files/Pods-iAquarium2/Pods-iAquarium2-frameworks.sh\"\n";
			showEnvVarsInLog = 0;
		};
/* End PBXShellScriptBuildPhase section */

/* Begin PBXSourcesBuildPhase section */
		10F61C7F24407BFB0069735D /* Sources */ = {
			isa = PBXSourcesBuildPhase;
			buildActionMask = 2147483647;
			files = (
				107AA6E4247AAAAD00FFA919 /* Measurement+CoreDataProperties.swift in Sources */,
				10F61CBD24407FF70069735D /* AddTankVC.swift in Sources */,
				107AA6E3247AAAAD00FFA919 /* Measurement+CoreDataClass.swift in Sources */,
				1071E19B2497E23600BECD47 /* Protocols.swift in Sources */,
				10E6CC8624719F9B00F20CD5 /* Tank+CoreDataProperties.swift in Sources */,
				10E6CC7E24718E7F00F20CD5 /* WaterParameter+CoreDataProperties.swift in Sources */,
				10255DC324422A5F00AE59E7 /* TankTableViewCell.swift in Sources */,
				10F61C9324407BFC0069735D /* iAquarium2.xcdatamodeld in Sources */,
				10F61C8D24407BFC0069735D /* SummaryVC.swift in Sources */,
				10F61C8B24407BFC0069735D /* TankSelectVC.swift in Sources */,
				10E6CC8524719F9B00F20CD5 /* Tank+CoreDataClass.swift in Sources */,
				10F61C8724407BFC0069735D /* AppDelegate.swift in Sources */,
				10E6CC7D24718E7F00F20CD5 /* WaterParameter+CoreDataClass.swift in Sources */,
				10F923232465E9DD00D57191 /* VariableFormats.swift in Sources */,
				10F61C8924407BFC0069735D /* SceneDelegate.swift in Sources */,
				1071E1992497E22D00BECD47 /* Extensions.swift in Sources */,
				1077ED64244B714400DCAEF9 /* MeasurementsVC.swift in Sources */,
				100E042E2450B0A50063E4FE /* AddMeasurementVC.swift in Sources */,
			);
			runOnlyForDeploymentPostprocessing = 0;
		};
		10F61C9A24407C010069735D /* Sources */ = {
			isa = PBXSourcesBuildPhase;
			buildActionMask = 2147483647;
			files = (
				10F61CA324407C010069735D /* iAquarium2Tests.swift in Sources */,
			);
			runOnlyForDeploymentPostprocessing = 0;
		};
		10F61CA524407C010069735D /* Sources */ = {
			isa = PBXSourcesBuildPhase;
			buildActionMask = 2147483647;
			files = (
				10F61CAE24407C010069735D /* iAquarium2UITests.swift in Sources */,
			);
			runOnlyForDeploymentPostprocessing = 0;
		};
/* End PBXSourcesBuildPhase section */

/* Begin PBXTargetDependency section */
		10F61CA024407C010069735D /* PBXTargetDependency */ = {
			isa = PBXTargetDependency;
			target = 10F61C8224407BFB0069735D /* iAquarium2 */;
			targetProxy = 10F61C9F24407C010069735D /* PBXContainerItemProxy */;
		};
		10F61CAB24407C010069735D /* PBXTargetDependency */ = {
			isa = PBXTargetDependency;
			target = 10F61C8224407BFB0069735D /* iAquarium2 */;
			targetProxy = 10F61CAA24407C010069735D /* PBXContainerItemProxy */;
		};
/* End PBXTargetDependency section */

/* Begin PBXVariantGroup section */
		10F61C8E24407BFC0069735D /* Main.storyboard */ = {
			isa = PBXVariantGroup;
			children = (
				10F61C8F24407BFC0069735D /* Base */,
			);
			name = Main.storyboard;
			sourceTree = "<group>";
		};
		10F61C9624407C010069735D /* LaunchScreen.storyboard */ = {
			isa = PBXVariantGroup;
			children = (
				10F61C9724407C010069735D /* Base */,
			);
			name = LaunchScreen.storyboard;
			sourceTree = "<group>";
		};
/* End PBXVariantGroup section */

/* Begin XCBuildConfiguration section */
		10F61CB024407C010069735D /* Debug */ = {
			isa = XCBuildConfiguration;
			buildSettings = {
				ALWAYS_SEARCH_USER_PATHS = NO;
				CLANG_ANALYZER_NONNULL = YES;
				CLANG_ANALYZER_NUMBER_OBJECT_CONVERSION = YES_AGGRESSIVE;
				CLANG_CXX_LANGUAGE_STANDARD = "gnu++14";
				CLANG_CXX_LIBRARY = "libc++";
				CLANG_ENABLE_MODULES = YES;
				CLANG_ENABLE_OBJC_ARC = YES;
				CLANG_ENABLE_OBJC_WEAK = YES;
				CLANG_WARN_BLOCK_CAPTURE_AUTORELEASING = YES;
				CLANG_WARN_BOOL_CONVERSION = YES;
				CLANG_WARN_COMMA = YES;
				CLANG_WARN_CONSTANT_CONVERSION = YES;
				CLANG_WARN_DEPRECATED_OBJC_IMPLEMENTATIONS = YES;
				CLANG_WARN_DIRECT_OBJC_ISA_USAGE = YES_ERROR;
				CLANG_WARN_DOCUMENTATION_COMMENTS = YES;
				CLANG_WARN_EMPTY_BODY = YES;
				CLANG_WARN_ENUM_CONVERSION = YES;
				CLANG_WARN_INFINITE_RECURSION = YES;
				CLANG_WARN_INT_CONVERSION = YES;
				CLANG_WARN_NON_LITERAL_NULL_CONVERSION = YES;
				CLANG_WARN_OBJC_IMPLICIT_RETAIN_SELF = YES;
				CLANG_WARN_OBJC_LITERAL_CONVERSION = YES;
				CLANG_WARN_OBJC_ROOT_CLASS = YES_ERROR;
				CLANG_WARN_RANGE_LOOP_ANALYSIS = YES;
				CLANG_WARN_STRICT_PROTOTYPES = YES;
				CLANG_WARN_SUSPICIOUS_MOVE = YES;
				CLANG_WARN_UNGUARDED_AVAILABILITY = YES_AGGRESSIVE;
				CLANG_WARN_UNREACHABLE_CODE = YES;
				CLANG_WARN__DUPLICATE_METHOD_MATCH = YES;
				COPY_PHASE_STRIP = NO;
				DEBUG_INFORMATION_FORMAT = dwarf;
				ENABLE_STRICT_OBJC_MSGSEND = YES;
				ENABLE_TESTABILITY = YES;
				GCC_C_LANGUAGE_STANDARD = gnu11;
				GCC_DYNAMIC_NO_PIC = NO;
				GCC_NO_COMMON_BLOCKS = YES;
				GCC_OPTIMIZATION_LEVEL = 0;
				GCC_PREPROCESSOR_DEFINITIONS = (
					"DEBUG=1",
					"$(inherited)",
				);
				GCC_WARN_64_TO_32_BIT_CONVERSION = YES;
				GCC_WARN_ABOUT_RETURN_TYPE = YES_ERROR;
				GCC_WARN_UNDECLARED_SELECTOR = YES;
				GCC_WARN_UNINITIALIZED_AUTOS = YES_AGGRESSIVE;
				GCC_WARN_UNUSED_FUNCTION = YES;
				GCC_WARN_UNUSED_VARIABLE = YES;
				IPHONEOS_DEPLOYMENT_TARGET = 13.4;
				MTL_ENABLE_DEBUG_INFO = INCLUDE_SOURCE;
				MTL_FAST_MATH = YES;
				ONLY_ACTIVE_ARCH = YES;
				SDKROOT = iphoneos;
				SWIFT_ACTIVE_COMPILATION_CONDITIONS = DEBUG;
				SWIFT_OPTIMIZATION_LEVEL = "-Onone";
			};
			name = Debug;
		};
		10F61CB124407C010069735D /* Release */ = {
			isa = XCBuildConfiguration;
			buildSettings = {
				ALWAYS_SEARCH_USER_PATHS = NO;
				CLANG_ANALYZER_NONNULL = YES;
				CLANG_ANALYZER_NUMBER_OBJECT_CONVERSION = YES_AGGRESSIVE;
				CLANG_CXX_LANGUAGE_STANDARD = "gnu++14";
				CLANG_CXX_LIBRARY = "libc++";
				CLANG_ENABLE_MODULES = YES;
				CLANG_ENABLE_OBJC_ARC = YES;
				CLANG_ENABLE_OBJC_WEAK = YES;
				CLANG_WARN_BLOCK_CAPTURE_AUTORELEASING = YES;
				CLANG_WARN_BOOL_CONVERSION = YES;
				CLANG_WARN_COMMA = YES;
				CLANG_WARN_CONSTANT_CONVERSION = YES;
				CLANG_WARN_DEPRECATED_OBJC_IMPLEMENTATIONS = YES;
				CLANG_WARN_DIRECT_OBJC_ISA_USAGE = YES_ERROR;
				CLANG_WARN_DOCUMENTATION_COMMENTS = YES;
				CLANG_WARN_EMPTY_BODY = YES;
				CLANG_WARN_ENUM_CONVERSION = YES;
				CLANG_WARN_INFINITE_RECURSION = YES;
				CLANG_WARN_INT_CONVERSION = YES;
				CLANG_WARN_NON_LITERAL_NULL_CONVERSION = YES;
				CLANG_WARN_OBJC_IMPLICIT_RETAIN_SELF = YES;
				CLANG_WARN_OBJC_LITERAL_CONVERSION = YES;
				CLANG_WARN_OBJC_ROOT_CLASS = YES_ERROR;
				CLANG_WARN_RANGE_LOOP_ANALYSIS = YES;
				CLANG_WARN_STRICT_PROTOTYPES = YES;
				CLANG_WARN_SUSPICIOUS_MOVE = YES;
				CLANG_WARN_UNGUARDED_AVAILABILITY = YES_AGGRESSIVE;
				CLANG_WARN_UNREACHABLE_CODE = YES;
				CLANG_WARN__DUPLICATE_METHOD_MATCH = YES;
				COPY_PHASE_STRIP = NO;
				DEBUG_INFORMATION_FORMAT = "dwarf-with-dsym";
				ENABLE_NS_ASSERTIONS = NO;
				ENABLE_STRICT_OBJC_MSGSEND = YES;
				GCC_C_LANGUAGE_STANDARD = gnu11;
				GCC_NO_COMMON_BLOCKS = YES;
				GCC_WARN_64_TO_32_BIT_CONVERSION = YES;
				GCC_WARN_ABOUT_RETURN_TYPE = YES_ERROR;
				GCC_WARN_UNDECLARED_SELECTOR = YES;
				GCC_WARN_UNINITIALIZED_AUTOS = YES_AGGRESSIVE;
				GCC_WARN_UNUSED_FUNCTION = YES;
				GCC_WARN_UNUSED_VARIABLE = YES;
				IPHONEOS_DEPLOYMENT_TARGET = 13.4;
				MTL_ENABLE_DEBUG_INFO = NO;
				MTL_FAST_MATH = YES;
				SDKROOT = iphoneos;
				SWIFT_COMPILATION_MODE = wholemodule;
				SWIFT_OPTIMIZATION_LEVEL = "-O";
				VALIDATE_PRODUCT = YES;
			};
			name = Release;
		};
		10F61CB324407C010069735D /* Debug */ = {
			isa = XCBuildConfiguration;
			baseConfigurationReference = B9C1097B00ADE1F820A3070F /* Pods-iAquarium2.debug.xcconfig */;
			buildSettings = {
				ASSETCATALOG_COMPILER_APPICON_NAME = AppIcon;
				CODE_SIGN_STYLE = Automatic;
				DEVELOPMENT_TEAM = 2GZQN3J8H5;
				INFOPLIST_FILE = iAquarium2/Info.plist;
				IPHONEOS_DEPLOYMENT_TARGET = 13.3;
				LD_RUNPATH_SEARCH_PATHS = (
					"$(inherited)",
					"@executable_path/Frameworks",
				);
				PRODUCT_BUNDLE_IDENTIFIER = macpiston.iAquarium2;
				PRODUCT_NAME = "$(TARGET_NAME)";
				SWIFT_VERSION = 5.0;
				TARGETED_DEVICE_FAMILY = 1;
			};
			name = Debug;
		};
		10F61CB424407C010069735D /* Release */ = {
			isa = XCBuildConfiguration;
			baseConfigurationReference = A8C7E4544D6E058E967D80CE /* Pods-iAquarium2.release.xcconfig */;
			buildSettings = {
				ASSETCATALOG_COMPILER_APPICON_NAME = AppIcon;
				CODE_SIGN_STYLE = Automatic;
				DEVELOPMENT_TEAM = 2GZQN3J8H5;
				INFOPLIST_FILE = iAquarium2/Info.plist;
				IPHONEOS_DEPLOYMENT_TARGET = 13.3;
				LD_RUNPATH_SEARCH_PATHS = (
					"$(inherited)",
					"@executable_path/Frameworks",
				);
				PRODUCT_BUNDLE_IDENTIFIER = macpiston.iAquarium2;
				PRODUCT_NAME = "$(TARGET_NAME)";
				SWIFT_VERSION = 5.0;
				TARGETED_DEVICE_FAMILY = 1;
			};
			name = Release;
		};
		10F61CB624407C010069735D /* Debug */ = {
			isa = XCBuildConfiguration;
			baseConfigurationReference = 0EF336570CC50BA36AF730EC /* Pods-iAquarium2Tests.debug.xcconfig */;
			buildSettings = {
				ALWAYS_EMBED_SWIFT_STANDARD_LIBRARIES = YES;
				BUNDLE_LOADER = "$(TEST_HOST)";
				CODE_SIGN_STYLE = Automatic;
				DEVELOPMENT_TEAM = 2GZQN3J8H5;
				INFOPLIST_FILE = iAquarium2Tests/Info.plist;
				IPHONEOS_DEPLOYMENT_TARGET = 13.4;
				LD_RUNPATH_SEARCH_PATHS = (
					"$(inherited)",
					"@executable_path/Frameworks",
					"@loader_path/Frameworks",
				);
				PRODUCT_BUNDLE_IDENTIFIER = macpiston.iAquarium2Tests;
				PRODUCT_NAME = "$(TARGET_NAME)";
				SWIFT_VERSION = 5.0;
				TARGETED_DEVICE_FAMILY = "1,2";
				TEST_HOST = "$(BUILT_PRODUCTS_DIR)/iAquarium2.app/iAquarium2";
			};
			name = Debug;
		};
		10F61CB724407C010069735D /* Release */ = {
			isa = XCBuildConfiguration;
			baseConfigurationReference = 84051ED79CF1804CDB59895F /* Pods-iAquarium2Tests.release.xcconfig */;
			buildSettings = {
				ALWAYS_EMBED_SWIFT_STANDARD_LIBRARIES = YES;
				BUNDLE_LOADER = "$(TEST_HOST)";
				CODE_SIGN_STYLE = Automatic;
				DEVELOPMENT_TEAM = 2GZQN3J8H5;
				INFOPLIST_FILE = iAquarium2Tests/Info.plist;
				IPHONEOS_DEPLOYMENT_TARGET = 13.4;
				LD_RUNPATH_SEARCH_PATHS = (
					"$(inherited)",
					"@executable_path/Frameworks",
					"@loader_path/Frameworks",
				);
				PRODUCT_BUNDLE_IDENTIFIER = macpiston.iAquarium2Tests;
				PRODUCT_NAME = "$(TARGET_NAME)";
				SWIFT_VERSION = 5.0;
				TARGETED_DEVICE_FAMILY = "1,2";
				TEST_HOST = "$(BUILT_PRODUCTS_DIR)/iAquarium2.app/iAquarium2";
			};
			name = Release;
		};
		10F61CB924407C010069735D /* Debug */ = {
			isa = XCBuildConfiguration;
			baseConfigurationReference = 42E085CF957C1D303119B0EA /* Pods-iAquarium2-iAquarium2UITests.debug.xcconfig */;
			buildSettings = {
				ALWAYS_EMBED_SWIFT_STANDARD_LIBRARIES = YES;
				CODE_SIGN_STYLE = Automatic;
				DEVELOPMENT_TEAM = 2GZQN3J8H5;
				INFOPLIST_FILE = iAquarium2UITests/Info.plist;
				LD_RUNPATH_SEARCH_PATHS = (
					"$(inherited)",
					"@executable_path/Frameworks",
					"@loader_path/Frameworks",
				);
				PRODUCT_BUNDLE_IDENTIFIER = macpiston.iAquarium2UITests;
				PRODUCT_NAME = "$(TARGET_NAME)";
				SWIFT_VERSION = 5.0;
				TARGETED_DEVICE_FAMILY = "1,2";
				TEST_TARGET_NAME = iAquarium2;
			};
			name = Debug;
		};
		10F61CBA24407C010069735D /* Release */ = {
			isa = XCBuildConfiguration;
			baseConfigurationReference = DD146B4ED70C4A5D85A81E16 /* Pods-iAquarium2-iAquarium2UITests.release.xcconfig */;
			buildSettings = {
				ALWAYS_EMBED_SWIFT_STANDARD_LIBRARIES = YES;
				CODE_SIGN_STYLE = Automatic;
				DEVELOPMENT_TEAM = 2GZQN3J8H5;
				INFOPLIST_FILE = iAquarium2UITests/Info.plist;
				LD_RUNPATH_SEARCH_PATHS = (
					"$(inherited)",
					"@executable_path/Frameworks",
					"@loader_path/Frameworks",
				);
				PRODUCT_BUNDLE_IDENTIFIER = macpiston.iAquarium2UITests;
				PRODUCT_NAME = "$(TARGET_NAME)";
				SWIFT_VERSION = 5.0;
				TARGETED_DEVICE_FAMILY = "1,2";
				TEST_TARGET_NAME = iAquarium2;
			};
			name = Release;
		};
/* End XCBuildConfiguration section */

/* Begin XCConfigurationList section */
		10F61C7E24407BFB0069735D /* Build configuration list for PBXProject "iAquarium2" */ = {
			isa = XCConfigurationList;
			buildConfigurations = (
				10F61CB024407C010069735D /* Debug */,
				10F61CB124407C010069735D /* Release */,
			);
			defaultConfigurationIsVisible = 0;
			defaultConfigurationName = Release;
		};
		10F61CB224407C010069735D /* Build configuration list for PBXNativeTarget "iAquarium2" */ = {
			isa = XCConfigurationList;
			buildConfigurations = (
				10F61CB324407C010069735D /* Debug */,
				10F61CB424407C010069735D /* Release */,
			);
			defaultConfigurationIsVisible = 0;
			defaultConfigurationName = Release;
		};
		10F61CB524407C010069735D /* Build configuration list for PBXNativeTarget "iAquarium2Tests" */ = {
			isa = XCConfigurationList;
			buildConfigurations = (
				10F61CB624407C010069735D /* Debug */,
				10F61CB724407C010069735D /* Release */,
			);
			defaultConfigurationIsVisible = 0;
			defaultConfigurationName = Release;
		};
		10F61CB824407C010069735D /* Build configuration list for PBXNativeTarget "iAquarium2UITests" */ = {
			isa = XCConfigurationList;
			buildConfigurations = (
				10F61CB924407C010069735D /* Debug */,
				10F61CBA24407C010069735D /* Release */,
			);
			defaultConfigurationIsVisible = 0;
			defaultConfigurationName = Release;
		};
/* End XCConfigurationList section */

/* Begin XCVersionGroup section */
		10F61C9124407BFC0069735D /* iAquarium2.xcdatamodeld */ = {
			isa = XCVersionGroup;
			children = (
				10F61C9224407BFC0069735D /* iAquarium2.xcdatamodel */,
			);
			currentVersion = 10F61C9224407BFC0069735D /* iAquarium2.xcdatamodel */;
			path = iAquarium2.xcdatamodeld;
			sourceTree = "<group>";
			versionGroupType = wrapper.xcdatamodel;
		};
/* End XCVersionGroup section */
	};
	rootObject = 10F61C7B24407BFB0069735D /* Project object */;
}
